<?xml version="1.0" encoding="utf-8"?>
<Project ToolsVersion="4.0" xmlns="http://schemas.microsoft.com/developer/msbuild/2003">
  <ItemGroup>
    <Filter Include="헤더 파일">
      <UniqueIdentifier>{93995380-89BD-4b04-88EB-625FBE52EBFB}</UniqueIdentifier>
      <Extensions>h;hh;hpp;hxx;h++;hm;inl;inc;ipp;xsd</Extensions>
    </Filter>
    <Filter Include="리소스 파일">
      <UniqueIdentifier>{67DA6AB6-F800-4c08-8B7A-83BB121AAD01}</UniqueIdentifier>
      <Extensions>rc;ico;cur;bmp;dlg;rc2;rct;bin;rgs;gif;jpg;jpeg;jpe;resx;tiff;tif;png;wav;mfcribbon-ms</Extensions>
    </Filter>
    <Filter Include="셰이더 파일">
      <UniqueIdentifier>{0d5290a7-f4ac-46eb-a7b3-25f1d98662c4}</UniqueIdentifier>
    </Filter>
    <Filter Include="소스 파일">
      <UniqueIdentifier>{4FC737F1-C7A5-4376-A066-2A32D752A2FF}</UniqueIdentifier>
      <Extensions>cpp;c;cc;cxx;c++;cppm;ixx;def;odl;idl;hpj;bat;asm;asmx</Extensions>
    </Filter>
  </ItemGroup>
  <ItemGroup>
    <ResourceCompile Include="Client.rc">
      <Filter>리소스 파일</Filter>
    </ResourceCompile>
  </ItemGroup>
  <ItemGroup>
    <Image Include="small.ico">
      <Filter>리소스 파일</Filter>
    </Image>
    <Image Include="Client.ico">
      <Filter>리소스 파일</Filter>
    </Image>
  </ItemGroup>
  <ItemGroup>
    <ClInclude Include="camera.h">
      <Filter>헤더 파일</Filter>
    </ClInclude>
    <ClInclude Include="d3dx12.h">
      <Filter>헤더 파일</Filter>
    </ClInclude>
    <ClInclude Include="DDSTextureLoader12.h">
      <Filter>헤더 파일</Filter>
    </ClInclude>
    <ClInclude Include="framework.h">
      <Filter>헤더 파일</Filter>
    </ClInclude>
    <ClInclude Include="main.h">
      <Filter>헤더 파일</Filter>
    </ClInclude>
    <ClInclude Include="mesh.h">
      <Filter>헤더 파일</Filter>
    </ClInclude>
    <ClInclude Include="object.h">
      <Filter>헤더 파일</Filter>
    </ClInclude>
    <ClInclude Include="player.h">
      <Filter>헤더 파일</Filter>
    </ClInclude>
    <ClInclude Include="Resource.h">
      <Filter>헤더 파일</Filter>
    </ClInclude>
    <ClInclude Include="scene.h">
      <Filter>헤더 파일</Filter>
    </ClInclude>
    <ClInclude Include="shader.h">
      <Filter>헤더 파일</Filter>
    </ClInclude>
    <ClInclude Include="shadow.h">
      <Filter>헤더 파일</Filter>
    </ClInclude>
    <ClInclude Include="stdafx.h">
      <Filter>헤더 파일</Filter>
    </ClInclude>
    <ClInclude Include="texture.h">
      <Filter>헤더 파일</Filter>
    </ClInclude>
    <ClInclude Include="timer.h">
      <Filter>헤더 파일</Filter>
    </ClInclude>
    <ClInclude Include="targetver.h">
      <Filter>헤더 파일</Filter>
    </ClInclude>
    <ClInclude Include="..\Server\protocol.h">
      <Filter>헤더 파일</Filter>
    </ClInclude>
  </ItemGroup>
  <ItemGroup>
    <ClCompile Include="camera.cpp">
      <Filter>소스 파일</Filter>
    </ClCompile>
    <ClCompile Include="DDSTextureLoader12.cpp">
      <Filter>소스 파일</Filter>
    </ClCompile>
    <ClCompile Include="framework.cpp">
      <Filter>소스 파일</Filter>
    </ClCompile>
    <ClCompile Include="main.cpp">
      <Filter>소스 파일</Filter>
    </ClCompile>
    <ClCompile Include="mesh.cpp">
      <Filter>소스 파일</Filter>
    </ClCompile>
    <ClCompile Include="object.cpp">
      <Filter>소스 파일</Filter>
    </ClCompile>
    <ClCompile Include="player.cpp">
      <Filter>소스 파일</Filter>
    </ClCompile>
    <ClCompile Include="scene.cpp">
      <Filter>소스 파일</Filter>
    </ClCompile>
    <ClCompile Include="shader.cpp">
      <Filter>소스 파일</Filter>
    </ClCompile>
    <ClCompile Include="shadow.cpp">
      <Filter>소스 파일</Filter>
    </ClCompile>
    <ClCompile Include="stdafx.cpp">
      <Filter>소스 파일</Filter>
    </ClCompile>
    <ClCompile Include="texture.cpp">
      <Filter>소스 파일</Filter>
    </ClCompile>
    <ClCompile Include="timer.cpp">
      <Filter>소스 파일</Filter>
    </ClCompile>
  </ItemGroup>
  <ItemGroup>
    <FxCompile Include="Shader\common.hlsl">
      <Filter>셰이더 파일</Filter>
    </FxCompile>
    <FxCompile Include="Shader\lighting.hlsl">
      <Filter>셰이더 파일</Filter>
    </FxCompile>
    <FxCompile Include="Shader\default.hlsl">
      <Filter>셰이더 파일</Filter>
    </FxCompile>
    <FxCompile Include="Shader\animation.hlsl">
      <Filter>셰이더 파일</Filter>
    </FxCompile>
    <FxCompile Include="Shader\model.hlsl">
      <Filter>셰이더 파일</Filter>
    </FxCompile>
    <FxCompile Include="Shader\link.hlsl">
      <Filter>셰이더 파일</Filter>
    </FxCompile>
  </ItemGroup>
</Project>